
Microsoft Visual Studio Solution File, Format Version 12.00
# Visual Studio 15
VisualStudioVersion = 15.0.28307.705
MinimumVisualStudioVersion = 10.0.40219.1
Project("{FAE04EC0-301F-11D3-BF4B-00C04F79EFBC}") = "Proyecto4", "Proyecto4\Proyecto4.csproj", "{A3DD04CE-0EDD-4B45-9938-791BF71CDCEA}"
EndProject
Global
	GlobalSection(SolutionConfigurationPlatforms) = preSolution
		Debug|Any CPU = Debug|Any CPU
		Release|Any CPU = Release|Any CPU
	EndGlobalSection
	GlobalSection(ProjectConfigurationPlatforms) = postSolution
		{A3DD04CE-0EDD-4B45-9938-791BF71CDCEA}.Debug|Any CPU.ActiveCfg = Debug|Any CPU
		{A3DD04CE-0EDD-4B45-9938-791BF71CDCEA}.Debug|Any CPU.Build.0 = Debug|Any CPU
		{A3DD04CE-0EDD-4B45-9938-791BF71CDCEA}.Release|Any CPU.ActiveCfg = Release|Any CPU
		{A3DD04CE-0EDD-4B45-9938-791BF71CDCEA}.Release|Any CPU.Build.0 = Release|Any CPU
	EndGlobalSection
	GlobalSection(SolutionProperties) = preSolution
		HideSolutionNode = FALSE
	EndGlobalSection
	GlobalSection(ExtensibilityGlobals) = postSolution
		SolutionGuid = {9BC1B04B-5F7B-4A30-879B-D447C87D8489}
	EndGlobalSection
EndGlobal
